
Microsoft Visual Studio Solution File, Format Version 12.00
# Visual Studio Version 17
VisualStudioVersion = 17.10.35122.118
MinimumVisualStudioVersion = 10.0.40219.1
Project("{FAE04EC0-301F-11D3-BF4B-00C04F79EFBC}") = "GMTI2CUpdater", "GMTI2CUpdater\GMTI2CUpdater.csproj", "{F2A8E45F-32CF-4943-872E-EAAF9A00D808}"
EndProject
Global
	GlobalSection(SolutionConfigurationPlatforms) = preSolution
		Debug|Any CPU = Debug|Any CPU
		Release|Any CPU = Release|Any CPU
	EndGlobalSection
	GlobalSection(ProjectConfigurationPlatforms) = postSolution
		{F2A8E45F-32CF-4943-872E-EAAF9A00D808}.Debug|Any CPU.ActiveCfg = Debug|Any CPU
		{F2A8E45F-32CF-4943-872E-EAAF9A00D808}.Debug|Any CPU.Build.0 = Debug|Any CPU
		{F2A8E45F-32CF-4943-872E-EAAF9A00D808}.Release|Any CPU.ActiveCfg = Release|Any CPU
		{F2A8E45F-32CF-4943-872E-EAAF9A00D808}.Release|Any CPU.Build.0 = Release|Any CPU
	EndGlobalSection
	GlobalSection(SolutionProperties) = preSolution
		HideSolutionNode = FALSE
	EndGlobalSection
	GlobalSection(ExtensibilityGlobals) = postSolution
		SolutionGuid = {F5BA1B5A-68D7-4EE2-8221-2B043FC6E03D}
	EndGlobalSection
EndGlobal
